
Microsoft Visual Studio Solution File, Format Version 12.00
# Visual Studio 2013
VisualStudioVersion = 12.0.31101.0
MinimumVisualStudioVersion = 10.0.40219.1
Project("{FAE04EC0-301F-11D3-BF4B-00C04F79EFBC}") = "EducationApp", "EducationApp\EducationApp.csproj", "{B9F3EE69-6739-4943-8EB4-AE8BB94DE52D}"
EndProject
Project("{FAE04EC0-301F-11D3-BF4B-00C04F79EFBC}") = "EducationApp.DataAccess", "EducationApp.DataAccess\EducationApp.DataAccess.csproj", "{C47E2274-A95A-43F6-A7A9-0DDA67458A39}"
EndProject
Project("{FAE04EC0-301F-11D3-BF4B-00C04F79EFBC}") = "SandBox", "SandBox\SandBox.csproj", "{6EADEF8E-8652-485B-A5E1-C1D71C9C7F92}"
EndProject
Global
	GlobalSection(SolutionConfigurationPlatforms) = preSolution
		Debug|Any CPU = Debug|Any CPU
		Release|Any CPU = Release|Any CPU
	EndGlobalSection
	GlobalSection(ProjectConfigurationPlatforms) = postSolution
		{B9F3EE69-6739-4943-8EB4-AE8BB94DE52D}.Debug|Any CPU.ActiveCfg = Debug|Any CPU
		{B9F3EE69-6739-4943-8EB4-AE8BB94DE52D}.Debug|Any CPU.Build.0 = Debug|Any CPU
		{B9F3EE69-6739-4943-8EB4-AE8BB94DE52D}.Release|Any CPU.ActiveCfg = Release|Any CPU
		{B9F3EE69-6739-4943-8EB4-AE8BB94DE52D}.Release|Any CPU.Build.0 = Release|Any CPU
		{C47E2274-A95A-43F6-A7A9-0DDA67458A39}.Debug|Any CPU.ActiveCfg = Debug|Any CPU
		{C47E2274-A95A-43F6-A7A9-0DDA67458A39}.Debug|Any CPU.Build.0 = Debug|Any CPU
		{C47E2274-A95A-43F6-A7A9-0DDA67458A39}.Release|Any CPU.ActiveCfg = Release|Any CPU
		{C47E2274-A95A-43F6-A7A9-0DDA67458A39}.Release|Any CPU.Build.0 = Release|Any CPU
		{6EADEF8E-8652-485B-A5E1-C1D71C9C7F92}.Debug|Any CPU.ActiveCfg = Debug|Any CPU
		{6EADEF8E-8652-485B-A5E1-C1D71C9C7F92}.Debug|Any CPU.Build.0 = Debug|Any CPU
		{6EADEF8E-8652-485B-A5E1-C1D71C9C7F92}.Release|Any CPU.ActiveCfg = Release|Any CPU
		{6EADEF8E-8652-485B-A5E1-C1D71C9C7F92}.Release|Any CPU.Build.0 = Release|Any CPU
	EndGlobalSection
	GlobalSection(SolutionProperties) = preSolution
		HideSolutionNode = FALSE
	EndGlobalSection
EndGlobal
